
Microsoft Visual Studio Solution File, Format Version 11.00
# Visual Studio 2010
Project("{FAE04EC0-301F-11D3-BF4B-00C04F79EFBC}") = "Assembly-CSharp", "Assembly-CSharp.csproj", "{94589e0d-319c-9da7-0c1f-5bd68afb5145}"
EndProject
Project("{FAE04EC0-301F-11D3-BF4B-00C04F79EFBC}") = "Assembly-CSharp-Editor", "Assembly-CSharp-Editor.csproj", "{6633929e-e647-f3a7-98c9-ecd7fb7cd69f}"
EndProject
Global
	GlobalSection(SolutionConfigurationPlatforms) = preSolution
		Debug|Any CPU = Debug|Any CPU
	EndGlobalSection
	GlobalSection(ProjectConfigurationPlatforms) = postSolution
		{94589e0d-319c-9da7-0c1f-5bd68afb5145}.Debug|Any CPU.ActiveCfg = Debug|Any CPU
		{94589e0d-319c-9da7-0c1f-5bd68afb5145}.Debug|Any CPU.Build.0 = Debug|Any CPU
		{6633929e-e647-f3a7-98c9-ecd7fb7cd69f}.Debug|Any CPU.ActiveCfg = Debug|Any CPU
		{6633929e-e647-f3a7-98c9-ecd7fb7cd69f}.Debug|Any CPU.Build.0 = Debug|Any CPU
	EndGlobalSection
	GlobalSection(SolutionProperties) = preSolution
		HideSolutionNode = FALSE
	EndGlobalSection
EndGlobal
